// !$*UTF8*$!
{
	archiveVersion = 1;
	classes = {
	};
	objectVersion = 50;
	objects = {

/* Begin PBXBuildFile section */
		539E9C9121F64C9A00F38533 /* AppDelegate.swift in Sources */ = {isa = PBXBuildFile; fileRef = 539E9C9021F64C9A00F38533 /* AppDelegate.swift */; };
		539E9C9621F64C9A00F38533 /* Main.storyboard in Resources */ = {isa = PBXBuildFile; fileRef = 539E9C9421F64C9A00F38533 /* Main.storyboard */; };
		539E9C9821F64C9C00F38533 /* Assets.xcassets in Resources */ = {isa = PBXBuildFile; fileRef = 539E9C9721F64C9C00F38533 /* Assets.xcassets */; };
		539E9C9B21F64C9C00F38533 /* LaunchScreen.storyboard in Resources */ = {isa = PBXBuildFile; fileRef = 539E9C9921F64C9C00F38533 /* LaunchScreen.storyboard */; };
		539E9CA321F64F6200F38533 /* Person.swift in Sources */ = {isa = PBXBuildFile; fileRef = 539E9CA221F64F6200F38533 /* Person.swift */; };
		539E9CA521F66AEB00F38533 /* PersonTableViewCell.swift in Sources */ = {isa = PBXBuildFile; fileRef = 539E9CA421F66AEB00F38533 /* PersonTableViewCell.swift */; };
		539E9CA721F679E800F38533 /* PersonTableViewController.swift in Sources */ = {isa = PBXBuildFile; fileRef = 539E9CA621F679E800F38533 /* PersonTableViewController.swift */; };
		53EC960F21FBDD240004A61A /* Colors.xcassets in Resources */ = {isa = PBXBuildFile; fileRef = 53EC960E21FBDD240004A61A /* Colors.xcassets */; };
		53EC961121FBF8E20004A61A /* PersonDetailsViewController.swift in Sources */ = {isa = PBXBuildFile; fileRef = 53EC961021FBF8E20004A61A /* PersonDetailsViewController.swift */; };
/* End PBXBuildFile section */

/* Begin PBXFileReference section */
		539E9C8D21F64C9A00F38533 /* persons.app */ = {isa = PBXFileReference; explicitFileType = wrapper.application; includeInIndex = 0; path = persons.app; sourceTree = BUILT_PRODUCTS_DIR; };
		539E9C9021F64C9A00F38533 /* AppDelegate.swift */ = {isa = PBXFileReference; lastKnownFileType = sourcecode.swift; path = AppDelegate.swift; sourceTree = "<group>"; };
		539E9C9521F64C9A00F38533 /* Base */ = {isa = PBXFileReference; lastKnownFileType = file.storyboard; name = Base; path = Base.lproj/Main.storyboard; sourceTree = "<group>"; };
		539E9C9721F64C9C00F38533 /* Assets.xcassets */ = {isa = PBXFileReference; lastKnownFileType = folder.assetcatalog; path = Assets.xcassets; sourceTree = "<group>"; };
		539E9C9A21F64C9C00F38533 /* Base */ = {isa = PBXFileReference; lastKnownFileType = file.storyboard; name = Base; path = Base.lproj/LaunchScreen.storyboard; sourceTree = "<group>"; };
		539E9C9C21F64C9C00F38533 /* Info.plist */ = {isa = PBXFileReference; lastKnownFileType = text.plist.xml; path = Info.plist; sourceTree = "<group>"; };
		539E9CA221F64F6200F38533 /* Person.swift */ = {isa = PBXFileReference; lastKnownFileType = sourcecode.swift; path = Person.swift; sourceTree = "<group>"; };
		539E9CA421F66AEB00F38533 /* PersonTableViewCell.swift */ = {isa = PBXFileReference; lastKnownFileType = sourcecode.swift; path = PersonTableViewCell.swift; sourceTree = "<group>"; };
		539E9CA621F679E800F38533 /* PersonTableViewController.swift */ = {isa = PBXFileReference; lastKnownFileType = sourcecode.swift; path = PersonTableViewController.swift; sourceTree = "<group>"; };
		53EC960E21FBDD240004A61A /* Colors.xcassets */ = {isa = PBXFileReference; lastKnownFileType = folder.assetcatalog; path = Colors.xcassets; sourceTree = "<group>"; };
		53EC961021FBF8E20004A61A /* PersonDetailsViewController.swift */ = {isa = PBXFileReference; lastKnownFileType = sourcecode.swift; path = PersonDetailsViewController.swift; sourceTree = "<group>"; };
		53EC961221FC10930004A61A /* README.md */ = {isa = PBXFileReference; lastKnownFileType = net.daringfireball.markdown; path = README.md; sourceTree = "<group>"; };
/* End PBXFileReference section */

/* Begin PBXFrameworksBuildPhase section */
		539E9C8A21F64C9A00F38533 /* Frameworks */ = {
			isa = PBXFrameworksBuildPhase;
			buildActionMask = 2147483647;
			files = (
			);
			runOnlyForDeploymentPostprocessing = 0;
		};
/* End PBXFrameworksBuildPhase section */

/* Begin PBXGroup section */
		539E9C8421F64C9A00F38533 = {
			isa = PBXGroup;
			children = (
				53EC961221FC10930004A61A /* README.md */,
				539E9C8F21F64C9A00F38533 /* persons */,
				539E9C8E21F64C9A00F38533 /* Products */,
			);
			sourceTree = "<group>";
		};
		539E9C8E21F64C9A00F38533 /* Products */ = {
			isa = PBXGroup;
			children = (
				539E9C8D21F64C9A00F38533 /* persons.app */,
			);
			name = Products;
			sourceTree = "<group>";
		};
		539E9C8F21F64C9A00F38533 /* persons */ = {
			isa = PBXGroup;
			children = (
				539E9C9021F64C9A00F38533 /* AppDelegate.swift */,
				539E9CA221F64F6200F38533 /* Person.swift */,
				539E9C9421F64C9A00F38533 /* Main.storyboard */,
				539E9CA421F66AEB00F38533 /* PersonTableViewCell.swift */,
				539E9CA621F679E800F38533 /* PersonTableViewController.swift */,
				53EC961021FBF8E20004A61A /* PersonDetailsViewController.swift */,
				539E9C9721F64C9C00F38533 /* Assets.xcassets */,
				539E9C9921F64C9C00F38533 /* LaunchScreen.storyboard */,
				53EC960E21FBDD240004A61A /* Colors.xcassets */,
				539E9C9C21F64C9C00F38533 /* Info.plist */,
			);
			path = persons;
			sourceTree = "<group>";
		};
/* End PBXGroup section */

/* Begin PBXNativeTarget section */
		539E9C8C21F64C9A00F38533 /* persons */ = {
			isa = PBXNativeTarget;
			buildConfigurationList = 539E9C9F21F64C9C00F38533 /* Build configuration list for PBXNativeTarget "persons" */;
			buildPhases = (
				539E9C8921F64C9A00F38533 /* Sources */,
				539E9C8A21F64C9A00F38533 /* Frameworks */,
				539E9C8B21F64C9A00F38533 /* Resources */,
			);
			buildRules = (
			);
			dependencies = (
			);
			name = persons;
			productName = persons;
			productReference = 539E9C8D21F64C9A00F38533 /* persons.app */;
			productType = "com.apple.product-type.application";
		};
/* End PBXNativeTarget section */

/* Begin PBXProject section */
		539E9C8521F64C9A00F38533 /* Project object */ = {
			isa = PBXProject;
			attributes = {
				LastSwiftUpdateCheck = 1010;
				LastUpgradeCheck = 1010;
				ORGANIZATIONNAME = "Marcus Ekon";
				TargetAttributes = {
					539E9C8C21F64C9A00F38533 = {
						CreatedOnToolsVersion = 10.1;
					};
				};
			};
			buildConfigurationList = 539E9C8821F64C9A00F38533 /* Build configuration list for PBXProject "persons" */;
			compatibilityVersion = "Xcode 9.3";
			developmentRegion = en;
			hasScannedForEncodings = 0;
			knownRegions = (
				en,
				Base,
			);
			mainGroup = 539E9C8421F64C9A00F38533;
			productRefGroup = 539E9C8E21F64C9A00F38533 /* Products */;
			projectDirPath = "";
			projectRoot = "";
			targets = (
				539E9C8C21F64C9A00F38533 /* persons */,
			);
		};
/* End PBXProject section */

/* Begin PBXResourcesBuildPhase section */
		539E9C8B21F64C9A00F38533 /* Resources */ = {
			isa = PBXResourcesBuildPhase;
			buildActionMask = 2147483647;
			files = (
				539E9C9B21F64C9C00F38533 /* LaunchScreen.storyboard in Resources */,
				53EC960F21FBDD240004A61A /* Colors.xcassets in Resources */,
				539E9C9821F64C9C00F38533 /* Assets.xcassets in Resources */,
				539E9C9621F64C9A00F38533 /* Main.storyboard in Resources */,
			);
			runOnlyForDeploymentPostprocessing = 0;
		};
/* End PBXResourcesBuildPhase section */

/* Begin PBXSourcesBuildPhase section */
		539E9C8921F64C9A00F38533 /* Sources */ = {
			isa = PBXSourcesBuildPhase;
			buildActionMask = 2147483647;
			files = (
				539E9CA721F679E800F38533 /* PersonTableViewController.swift in Sources */,
				539E9CA321F64F6200F38533 /* Person.swift in Sources */,
				53EC961121FBF8E20004A61A /* PersonDetailsViewController.swift in Sources */,
				539E9CA521F66AEB00F38533 /* PersonTableViewCell.swift in Sources */,
				539E9C9121F64C9A00F38533 /* AppDelegate.swift in Sources */,
			);
			runOnlyForDeploymentPostprocessing = 0;
		};
/* End PBXSourcesBuildPhase section */

/* Begin PBXVariantGroup section */
		539E9C9421F64C9A00F38533 /* Main.storyboard */ = {
			isa = PBXVariantGroup;
			children = (
				539E9C9521F64C9A00F38533 /* Base */,
			);
			name = Main.storyboard;
			sourceTree = "<group>";
		};
		539E9C9921F64C9C00F38533 /* LaunchScreen.storyboard */ = {
			isa = PBXVariantGroup;
			children = (
				539E9C9A21F64C9C00F38533 /* Base */,
			);
			name = LaunchScreen.storyboard;
			sourceTree = "<group>";
		};
/* End PBXVariantGroup section */

/* Begin XCBuildConfiguration section */
		539E9C9D21F64C9C00F38533 /* Debug */ = {
			isa = XCBuildConfiguration;
			buildSettings = {
				ALWAYS_SEARCH_USER_PATHS = NO;
				CLANG_ANALYZER_NONNULL = YES;
				CLANG_ANALYZER_NUMBER_OBJECT_CONVERSION = YES_AGGRESSIVE;
				CLANG_CXX_LANGUAGE_STANDARD = "gnu++14";
				CLANG_CXX_LIBRARY = "libc++";
				CLANG_ENABLE_MODULES = YES;
				CLANG_ENABLE_OBJC_ARC = YES;
				CLANG_ENABLE_OBJC_WEAK = YES;
				CLANG_WARN_BLOCK_CAPTURE_AUTORELEASING = YES;
				CLANG_WARN_BOOL_CONVERSION = YES;
				CLANG_WARN_COMMA = YES;
				CLANG_WARN_CONSTANT_CONVERSION = YES;
				CLANG_WARN_DEPRECATED_OBJC_IMPLEMENTATIONS = YES;
				CLANG_WARN_DIRECT_OBJC_ISA_USAGE = YES_ERROR;
				CLANG_WARN_DOCUMENTATION_COMMENTS = YES;
				CLANG_WARN_EMPTY_BODY = YES;
				CLANG_WARN_ENUM_CONVERSION = YES;
				CLANG_WARN_INFINITE_RECURSION = YES;
				CLANG_WARN_INT_CONVERSION = YES;
				CLANG_WARN_NON_LITERAL_NULL_CONVERSION = YES;
				CLANG_WARN_OBJC_IMPLICIT_RETAIN_SELF = YES;
				CLANG_WARN_OBJC_LITERAL_CONVERSION = YES;
				CLANG_WARN_OBJC_ROOT_CLASS = YES_ERROR;
				CLANG_WARN_RANGE_LOOP_ANALYSIS = YES;
				CLANG_WARN_STRICT_PROTOTYPES = YES;
				CLANG_WARN_SUSPICIOUS_MOVE = YES;
				CLANG_WARN_UNGUARDED_AVAILABILITY = YES_AGGRESSIVE;
				CLANG_WARN_UNREACHABLE_CODE = YES;
				CLANG_WARN__DUPLICATE_METHOD_MATCH = YES;
				CODE_SIGN_IDENTITY = "iPhone Developer";
				COPY_PHASE_STRIP = NO;
				DEBUG_INFORMATION_FORMAT = dwarf;
				ENABLE_STRICT_OBJC_MSGSEND = YES;
				ENABLE_TESTABILITY = YES;
				GCC_C_LANGUAGE_STANDARD = gnu11;
				GCC_DYNAMIC_NO_PIC = NO;
				GCC_NO_COMMON_BLOCKS = YES;
				GCC_OPTIMIZATION_LEVEL = 0;
				GCC_PREPROCESSOR_DEFINITIONS = (
					"DEBUG=1",
					"$(inherited)",
				);
				GCC_WARN_64_TO_32_BIT_CONVERSION = YES;
				GCC_WARN_ABOUT_RETURN_TYPE = YES_ERROR;
				GCC_WARN_UNDECLARED_SELECTOR = YES;
				GCC_WARN_UNINITIALIZED_AUTOS = YES_AGGRESSIVE;
				GCC_WARN_UNUSED_FUNCTION = YES;
				GCC_WARN_UNUSED_VARIABLE = YES;
				IPHONEOS_DEPLOYMENT_TARGET = 12.1;
				MTL_ENABLE_DEBUG_INFO = INCLUDE_SOURCE;
				MTL_FAST_MATH = YES;
				ONLY_ACTIVE_ARCH = YES;
				SDKROOT = iphoneos;
				SWIFT_ACTIVE_COMPILATION_CONDITIONS = DEBUG;
				SWIFT_OPTIMIZATION_LEVEL = "-Onone";
			};
			name = Debug;
		};
		539E9C9E21F64C9C00F38533 /* Release */ = {
			isa = XCBuildConfiguration;
			buildSettings = {
				ALWAYS_SEARCH_USER_PATHS = NO;
				CLANG_ANALYZER_NONNULL = YES;
				CLANG_ANALYZER_NUMBER_OBJECT_CONVERSION = YES_AGGRESSIVE;
				CLANG_CXX_LANGUAGE_STANDARD = "gnu++14";
				CLANG_CXX_LIBRARY = "libc++";
				CLANG_ENABLE_MODULES = YES;
				CLANG_ENABLE_OBJC_ARC = YES;
				CLANG_ENABLE_OBJC_WEAK = YES;
				CLANG_WARN_BLOCK_CAPTURE_AUTORELEASING = YES;
				CLANG_WARN_BOOL_CONVERSION = YES;
				CLANG_WARN_COMMA = YES;
				CLANG_WARN_CONSTANT_CONVERSION = YES;
				CLANG_WARN_DEPRECATED_OBJC_IMPLEMENTATIONS = YES;
				CLANG_WARN_DIRECT_OBJC_ISA_USAGE = YES_ERROR;
				CLANG_WARN_DOCUMENTATION_COMMENTS = YES;
				CLANG_WARN_EMPTY_BODY = YES;
				CLANG_WARN_ENUM_CONVERSION = YES;
				CLANG_WARN_INFINITE_RECURSION = YES;
				CLANG_WARN_INT_CONVERSION = YES;
				CLANG_WARN_NON_LITERAL_NULL_CONVERSION = YES;
				CLANG_WARN_OBJC_IMPLICIT_RETAIN_SELF = YES;
				CLANG_WARN_OBJC_LITERAL_CONVERSION = YES;
				CLANG_WARN_OBJC_ROOT_CLASS = YES_ERROR;
				CLANG_WARN_RANGE_LOOP_ANALYSIS = YES;
				CLANG_WARN_STRICT_PROTOTYPES = YES;
				CLANG_WARN_SUSPICIOUS_MOVE = YES;
				CLANG_WARN_UNGUARDED_AVAILABILITY = YES_AGGRESSIVE;
				CLANG_WARN_UNREACHABLE_CODE = YES;
				CLANG_WARN__DUPLICATE_METHOD_MATCH = YES;
				CODE_SIGN_IDENTITY = "iPhone Developer";
				COPY_PHASE_STRIP = NO;
				DEBUG_INFORMATION_FORMAT = "dwarf-with-dsym";
				ENABLE_NS_ASSERTIONS = NO;
				ENABLE_STRICT_OBJC_MSGSEND = YES;
				GCC_C_LANGUAGE_STANDARD = gnu11;
				GCC_NO_COMMON_BLOCKS = YES;
				GCC_WARN_64_TO_32_BIT_CONVERSION = YES;
				GCC_WARN_ABOUT_RETURN_TYPE = YES_ERROR;
				GCC_WARN_UNDECLARED_SELECTOR = YES;
				GCC_WARN_UNINITIALIZED_AUTOS = YES_AGGRESSIVE;
				GCC_WARN_UNUSED_FUNCTION = YES;
				GCC_WARN_UNUSED_VARIABLE = YES;
				IPHONEOS_DEPLOYMENT_TARGET = 12.1;
				MTL_ENABLE_DEBUG_INFO = NO;
				MTL_FAST_MATH = YES;
				SDKROOT = iphoneos;
				SWIFT_COMPILATION_MODE = wholemodule;
				SWIFT_OPTIMIZATION_LEVEL = "-O";
				VALIDATE_PRODUCT = YES;
			};
			name = Release;
		};
		539E9CA021F64C9C00F38533 /* Debug */ = {
			isa = XCBuildConfiguration;
			buildSettings = {
				ASSETCATALOG_COMPILER_APPICON_NAME = AppIcon;
				CODE_SIGN_STYLE = Automatic;
				DEVELOPMENT_TEAM = L29TUW7HZB;
				INFOPLIST_FILE = persons/Info.plist;
				LD_RUNPATH_SEARCH_PATHS = (
					"$(inherited)",
					"@executable_path/Frameworks",
				);
				PRODUCT_BUNDLE_IDENTIFIER = epita.persons;
				PRODUCT_NAME = "$(TARGET_NAME)";
				SWIFT_VERSION = 4.2;
				TARGETED_DEVICE_FAMILY = "1,2";
			};
			name = Debug;
		};
		539E9CA121F64C9C00F38533 /* Release */ = {
			isa = XCBuildConfiguration;
			buildSettings = {
				ASSETCATALOG_COMPILER_APPICON_NAME = AppIcon;
				CODE_SIGN_STYLE = Automatic;
				DEVELOPMENT_TEAM = L29TUW7HZB;
				INFOPLIST_FILE = persons/Info.plist;
				LD_RUNPATH_SEARCH_PATHS = (
					"$(inherited)",
					"@executable_path/Frameworks",
				);
				PRODUCT_BUNDLE_IDENTIFIER = epita.persons;
				PRODUCT_NAME = "$(TARGET_NAME)";
				SWIFT_VERSION = 4.2;
				TARGETED_DEVICE_FAMILY = "1,2";
			};
			name = Release;
		};
/* End XCBuildConfiguration section */

/* Begin XCConfigurationList section */
		539E9C8821F64C9A00F38533 /* Build configuration list for PBXProject "persons" */ = {
			isa = XCConfigurationList;
			buildConfigurations = (
				539E9C9D21F64C9C00F38533 /* Debug */,
				539E9C9E21F64C9C00F38533 /* Release */,
			);
			defaultConfigurationIsVisible = 0;
			defaultConfigurationName = Release;
		};
		539E9C9F21F64C9C00F38533 /* Build configuration list for PBXNativeTarget "persons" */ = {
			isa = XCConfigurationList;
			buildConfigurations = (
				539E9CA021F64C9C00F38533 /* Debug */,
				539E9CA121F64C9C00F38533 /* Release */,
			);
			defaultConfigurationIsVisible = 0;
			defaultConfigurationName = Release;
		};
/* End XCConfigurationList section */
	};
	rootObject = 539E9C8521F64C9A00F38533 /* Project object */;
}
